
Microsoft Visual Studio Solution File, Format Version 12.00
# Visual Studio Version 17
VisualStudioVersion = 17.4.33403.182
MinimumVisualStudioVersion = 10.0.40219.1
Project("{FAE04EC0-301F-11D3-BF4B-00C04F79EFBC}") = "C-SharpExercise2", "C-SharpExercise2\C-SharpExercise2.csproj", "{07F356D8-79C5-42C7-A3C1-DE2A29D3C100}"
EndProject
Global
	GlobalSection(SolutionConfigurationPlatforms) = preSolution
		Debug|Any CPU = Debug|Any CPU
		Release|Any CPU = Release|Any CPU
	EndGlobalSection
	GlobalSection(ProjectConfigurationPlatforms) = postSolution
		{07F356D8-79C5-42C7-A3C1-DE2A29D3C100}.Debug|Any CPU.ActiveCfg = Debug|Any CPU
		{07F356D8-79C5-42C7-A3C1-DE2A29D3C100}.Debug|Any CPU.Build.0 = Debug|Any CPU
		{07F356D8-79C5-42C7-A3C1-DE2A29D3C100}.Release|Any CPU.ActiveCfg = Release|Any CPU
		{07F356D8-79C5-42C7-A3C1-DE2A29D3C100}.Release|Any CPU.Build.0 = Release|Any CPU
	EndGlobalSection
	GlobalSection(SolutionProperties) = preSolution
		HideSolutionNode = FALSE
	EndGlobalSection
	GlobalSection(ExtensibilityGlobals) = postSolution
		SolutionGuid = {D42BD66A-8D58-4198-A69D-D98A2F2B12A6}
	EndGlobalSection
EndGlobal
